
Microsoft Visual Studio Solution File, Format Version 12.00
# Visual Studio Version 17
VisualStudioVersion = 17.0.32014.148
MinimumVisualStudioVersion = 10.0.40219.1
Project("{FAE04EC0-301F-11D3-BF4B-00C04F79EFBC}") = "SAYI BULMA OYUNU", "SAYI BULMA OYUNU\SAYI BULMA OYUNU.csproj", "{DD8E2239-5244-4CE6-9C97-310FAAB9F83E}"
EndProject
Global
	GlobalSection(SolutionConfigurationPlatforms) = preSolution
		Debug|Any CPU = Debug|Any CPU
		Release|Any CPU = Release|Any CPU
	EndGlobalSection
	GlobalSection(ProjectConfigurationPlatforms) = postSolution
		{DD8E2239-5244-4CE6-9C97-310FAAB9F83E}.Debug|Any CPU.ActiveCfg = Debug|Any CPU
		{DD8E2239-5244-4CE6-9C97-310FAAB9F83E}.Debug|Any CPU.Build.0 = Debug|Any CPU
		{DD8E2239-5244-4CE6-9C97-310FAAB9F83E}.Release|Any CPU.ActiveCfg = Release|Any CPU
		{DD8E2239-5244-4CE6-9C97-310FAAB9F83E}.Release|Any CPU.Build.0 = Release|Any CPU
	EndGlobalSection
	GlobalSection(SolutionProperties) = preSolution
		HideSolutionNode = FALSE
	EndGlobalSection
	GlobalSection(ExtensibilityGlobals) = postSolution
		SolutionGuid = {7F96A684-BED9-4AE6-BAC7-B4C5ADC67072}
	EndGlobalSection
EndGlobal
